// !$*UTF8*$!
{
	archiveVersion = 1;
	classes = {
	};
	objectVersion = 56;
	objects = {

/* Begin PBXBuildFile section */
		0AE1ED612AA0151900383859 /* PetViewController.swift in Sources */ = {isa = PBXBuildFile; fileRef = 0AE1ED602AA0151900383859 /* PetViewController.swift */; };
		0AF904FD2A96406800524BBF /* AppDelegate.swift in Sources */ = {isa = PBXBuildFile; fileRef = 0AF904FC2A96406800524BBF /* AppDelegate.swift */; };
		0AF904FF2A96406800524BBF /* SceneDelegate.swift in Sources */ = {isa = PBXBuildFile; fileRef = 0AF904FE2A96406800524BBF /* SceneDelegate.swift */; };
		0AF905012A96406800524BBF /* MainViewController.swift in Sources */ = {isa = PBXBuildFile; fileRef = 0AF905002A96406800524BBF /* MainViewController.swift */; };
		0AF905042A96406800524BBF /* Main.storyboard in Resources */ = {isa = PBXBuildFile; fileRef = 0AF905022A96406800524BBF /* Main.storyboard */; };
		0AF905062A96406900524BBF /* Assets.xcassets in Resources */ = {isa = PBXBuildFile; fileRef = 0AF905052A96406900524BBF /* Assets.xcassets */; };
		0AF905092A96406900524BBF /* LaunchScreen.storyboard in Resources */ = {isa = PBXBuildFile; fileRef = 0AF905072A96406900524BBF /* LaunchScreen.storyboard */; };
		0AF905142A96417400524BBF /* TodoData.swift in Sources */ = {isa = PBXBuildFile; fileRef = 0AF905132A96417400524BBF /* TodoData.swift */; };
		0AF905162A96419800524BBF /* DetailViewController.swift in Sources */ = {isa = PBXBuildFile; fileRef = 0AF905152A96419800524BBF /* DetailViewController.swift */; };
		0AF905182A9641E000524BBF /* WriteViewController.swift in Sources */ = {isa = PBXBuildFile; fileRef = 0AF905172A9641E000524BBF /* WriteViewController.swift */; };
		0AF9051C2A975D4800524BBF /* TodoListTableViewCell.swift in Sources */ = {isa = PBXBuildFile; fileRef = 0AF9051B2A975D4800524BBF /* TodoListTableViewCell.swift */; };
/* End PBXBuildFile section */

/* Begin PBXFileReference section */
		0AE1ED602AA0151900383859 /* PetViewController.swift */ = {isa = PBXFileReference; lastKnownFileType = sourcecode.swift; path = PetViewController.swift; sourceTree = "<group>"; };
		0AF904F92A96406800524BBF /* TodoListPlus.app */ = {isa = PBXFileReference; explicitFileType = wrapper.application; includeInIndex = 0; path = TodoListPlus.app; sourceTree = BUILT_PRODUCTS_DIR; };
		0AF904FC2A96406800524BBF /* AppDelegate.swift */ = {isa = PBXFileReference; lastKnownFileType = sourcecode.swift; path = AppDelegate.swift; sourceTree = "<group>"; };
		0AF904FE2A96406800524BBF /* SceneDelegate.swift */ = {isa = PBXFileReference; lastKnownFileType = sourcecode.swift; path = SceneDelegate.swift; sourceTree = "<group>"; };
		0AF905002A96406800524BBF /* MainViewController.swift */ = {isa = PBXFileReference; lastKnownFileType = sourcecode.swift; path = MainViewController.swift; sourceTree = "<group>"; };
		0AF905032A96406800524BBF /* Base */ = {isa = PBXFileReference; lastKnownFileType = file.storyboard; name = Base; path = Base.lproj/Main.storyboard; sourceTree = "<group>"; };
		0AF905052A96406900524BBF /* Assets.xcassets */ = {isa = PBXFileReference; lastKnownFileType = folder.assetcatalog; path = Assets.xcassets; sourceTree = "<group>"; };
		0AF905082A96406900524BBF /* Base */ = {isa = PBXFileReference; lastKnownFileType = file.storyboard; name = Base; path = Base.lproj/LaunchScreen.storyboard; sourceTree = "<group>"; };
		0AF9050A2A96406900524BBF /* Info.plist */ = {isa = PBXFileReference; lastKnownFileType = text.plist.xml; path = Info.plist; sourceTree = "<group>"; };
		0AF905132A96417400524BBF /* TodoData.swift */ = {isa = PBXFileReference; lastKnownFileType = sourcecode.swift; path = TodoData.swift; sourceTree = "<group>"; };
		0AF905152A96419800524BBF /* DetailViewController.swift */ = {isa = PBXFileReference; lastKnownFileType = sourcecode.swift; path = DetailViewController.swift; sourceTree = "<group>"; };
		0AF905172A9641E000524BBF /* WriteViewController.swift */ = {isa = PBXFileReference; lastKnownFileType = sourcecode.swift; path = WriteViewController.swift; sourceTree = "<group>"; };
		0AF9051B2A975D4800524BBF /* TodoListTableViewCell.swift */ = {isa = PBXFileReference; lastKnownFileType = sourcecode.swift; path = TodoListTableViewCell.swift; sourceTree = "<group>"; };
/* End PBXFileReference section */

/* Begin PBXFrameworksBuildPhase section */
		0AF904F62A96406800524BBF /* Frameworks */ = {
			isa = PBXFrameworksBuildPhase;
			buildActionMask = 2147483647;
			files = (
			);
			runOnlyForDeploymentPostprocessing = 0;
		};
/* End PBXFrameworksBuildPhase section */

/* Begin PBXGroup section */
		0AF904F02A96406800524BBF = {
			isa = PBXGroup;
			children = (
				0AF904FB2A96406800524BBF /* TodoListPlus */,
				0AF904FA2A96406800524BBF /* Products */,
			);
			sourceTree = "<group>";
		};
		0AF904FA2A96406800524BBF /* Products */ = {
			isa = PBXGroup;
			children = (
				0AF904F92A96406800524BBF /* TodoListPlus.app */,
			);
			name = Products;
			sourceTree = "<group>";
		};
		0AF904FB2A96406800524BBF /* TodoListPlus */ = {
			isa = PBXGroup;
			children = (
				0AF905122A96412800524BBF /* Controller */,
				0AF905112A96411600524BBF /* View */,
				0AF905102A96410300524BBF /* Model */,
				0AF904FC2A96406800524BBF /* AppDelegate.swift */,
				0AF904FE2A96406800524BBF /* SceneDelegate.swift */,
				0AF905052A96406900524BBF /* Assets.xcassets */,
				0AF905072A96406900524BBF /* LaunchScreen.storyboard */,
				0AF9050A2A96406900524BBF /* Info.plist */,
			);
			path = TodoListPlus;
			sourceTree = "<group>";
		};
		0AF905102A96410300524BBF /* Model */ = {
			isa = PBXGroup;
			children = (
				0AF905132A96417400524BBF /* TodoData.swift */,
			);
			path = Model;
			sourceTree = "<group>";
		};
		0AF905112A96411600524BBF /* View */ = {
			isa = PBXGroup;
			children = (
				0AF905022A96406800524BBF /* Main.storyboard */,
			);
			path = View;
			sourceTree = "<group>";
		};
		0AF905122A96412800524BBF /* Controller */ = {
			isa = PBXGroup;
			children = (
				0AF905002A96406800524BBF /* MainViewController.swift */,
				0AF905152A96419800524BBF /* DetailViewController.swift */,
				0AF905172A9641E000524BBF /* WriteViewController.swift */,
				0AF9051B2A975D4800524BBF /* TodoListTableViewCell.swift */,
				0AE1ED602AA0151900383859 /* PetViewController.swift */,
			);
			path = Controller;
			sourceTree = "<group>";
		};
/* End PBXGroup section */

/* Begin PBXNativeTarget section */
		0AF904F82A96406800524BBF /* TodoListPlus */ = {
			isa = PBXNativeTarget;
			buildConfigurationList = 0AF9050D2A96406900524BBF /* Build configuration list for PBXNativeTarget "TodoListPlus" */;
			buildPhases = (
				0AF904F52A96406800524BBF /* Sources */,
				0AF904F62A96406800524BBF /* Frameworks */,
				0AF904F72A96406800524BBF /* Resources */,
			);
			buildRules = (
			);
			dependencies = (
			);
			name = TodoListPlus;
			productName = TodoListPlus;
			productReference = 0AF904F92A96406800524BBF /* TodoListPlus.app */;
			productType = "com.apple.product-type.application";
		};
/* End PBXNativeTarget section */

/* Begin PBXProject section */
		0AF904F12A96406800524BBF /* Project object */ = {
			isa = PBXProject;
			attributes = {
				BuildIndependentTargetsInParallel = 1;
				LastSwiftUpdateCheck = 1430;
				LastUpgradeCheck = 1430;
				TargetAttributes = {
					0AF904F82A96406800524BBF = {
						CreatedOnToolsVersion = 14.3.1;
					};
				};
			};
			buildConfigurationList = 0AF904F42A96406800524BBF /* Build configuration list for PBXProject "TodoListPlus" */;
			compatibilityVersion = "Xcode 14.0";
			developmentRegion = en;
			hasScannedForEncodings = 0;
			knownRegions = (
				en,
				Base,
			);
			mainGroup = 0AF904F02A96406800524BBF;
			productRefGroup = 0AF904FA2A96406800524BBF /* Products */;
			projectDirPath = "";
			projectRoot = "";
			targets = (
				0AF904F82A96406800524BBF /* TodoListPlus */,
			);
		};
/* End PBXProject section */

/* Begin PBXResourcesBuildPhase section */
		0AF904F72A96406800524BBF /* Resources */ = {
			isa = PBXResourcesBuildPhase;
			buildActionMask = 2147483647;
			files = (
				0AF905092A96406900524BBF /* LaunchScreen.storyboard in Resources */,
				0AF905062A96406900524BBF /* Assets.xcassets in Resources */,
				0AF905042A96406800524BBF /* Main.storyboard in Resources */,
			);
			runOnlyForDeploymentPostprocessing = 0;
		};
/* End PBXResourcesBuildPhase section */

/* Begin PBXSourcesBuildPhase section */
		0AF904F52A96406800524BBF /* Sources */ = {
			isa = PBXSourcesBuildPhase;
			buildActionMask = 2147483647;
			files = (
				0AF905182A9641E000524BBF /* WriteViewController.swift in Sources */,
				0AF905012A96406800524BBF /* MainViewController.swift in Sources */,
				0AE1ED612AA0151900383859 /* PetViewController.swift in Sources */,
				0AF9051C2A975D4800524BBF /* TodoListTableViewCell.swift in Sources */,
				0AF904FD2A96406800524BBF /* AppDelegate.swift in Sources */,
				0AF905162A96419800524BBF /* DetailViewController.swift in Sources */,
				0AF904FF2A96406800524BBF /* SceneDelegate.swift in Sources */,
				0AF905142A96417400524BBF /* TodoData.swift in Sources */,
			);
			runOnlyForDeploymentPostprocessing = 0;
		};
/* End PBXSourcesBuildPhase section */

/* Begin PBXVariantGroup section */
		0AF905022A96406800524BBF /* Main.storyboard */ = {
			isa = PBXVariantGroup;
			children = (
				0AF905032A96406800524BBF /* Base */,
			);
			name = Main.storyboard;
			sourceTree = "<group>";
		};
		0AF905072A96406900524BBF /* LaunchScreen.storyboard */ = {
			isa = PBXVariantGroup;
			children = (
				0AF905082A96406900524BBF /* Base */,
			);
			name = LaunchScreen.storyboard;
			sourceTree = "<group>";
		};
/* End PBXVariantGroup section */

/* Begin XCBuildConfiguration section */
		0AF9050B2A96406900524BBF /* Debug */ = {
			isa = XCBuildConfiguration;
			buildSettings = {
				ALWAYS_SEARCH_USER_PATHS = NO;
				CLANG_ANALYZER_NONNULL = YES;
				CLANG_ANALYZER_NUMBER_OBJECT_CONVERSION = YES_AGGRESSIVE;
				CLANG_CXX_LANGUAGE_STANDARD = "gnu++20";
				CLANG_ENABLE_MODULES = YES;
				CLANG_ENABLE_OBJC_ARC = YES;
				CLANG_ENABLE_OBJC_WEAK = YES;
				CLANG_WARN_BLOCK_CAPTURE_AUTORELEASING = YES;
				CLANG_WARN_BOOL_CONVERSION = YES;
				CLANG_WARN_COMMA = YES;
				CLANG_WARN_CONSTANT_CONVERSION = YES;
				CLANG_WARN_DEPRECATED_OBJC_IMPLEMENTATIONS = YES;
				CLANG_WARN_DIRECT_OBJC_ISA_USAGE = YES_ERROR;
				CLANG_WARN_DOCUMENTATION_COMMENTS = YES;
				CLANG_WARN_EMPTY_BODY = YES;
				CLANG_WARN_ENUM_CONVERSION = YES;
				CLANG_WARN_INFINITE_RECURSION = YES;
				CLANG_WARN_INT_CONVERSION = YES;
				CLANG_WARN_NON_LITERAL_NULL_CONVERSION = YES;
				CLANG_WARN_OBJC_IMPLICIT_RETAIN_SELF = YES;
				CLANG_WARN_OBJC_LITERAL_CONVERSION = YES;
				CLANG_WARN_OBJC_ROOT_CLASS = YES_ERROR;
				CLANG_WARN_QUOTED_INCLUDE_IN_FRAMEWORK_HEADER = YES;
				CLANG_WARN_RANGE_LOOP_ANALYSIS = YES;
				CLANG_WARN_STRICT_PROTOTYPES = YES;
				CLANG_WARN_SUSPICIOUS_MOVE = YES;
				CLANG_WARN_UNGUARDED_AVAILABILITY = YES_AGGRESSIVE;
				CLANG_WARN_UNREACHABLE_CODE = YES;
				CLANG_WARN__DUPLICATE_METHOD_MATCH = YES;
				COPY_PHASE_STRIP = NO;
				DEBUG_INFORMATION_FORMAT = dwarf;
				ENABLE_STRICT_OBJC_MSGSEND = YES;
				ENABLE_TESTABILITY = YES;
				GCC_C_LANGUAGE_STANDARD = gnu11;
				GCC_DYNAMIC_NO_PIC = NO;
				GCC_NO_COMMON_BLOCKS = YES;
				GCC_OPTIMIZATION_LEVEL = 0;
				GCC_PREPROCESSOR_DEFINITIONS = (
					"DEBUG=1",
					"$(inherited)",
				);
				GCC_WARN_64_TO_32_BIT_CONVERSION = YES;
				GCC_WARN_ABOUT_RETURN_TYPE = YES_ERROR;
				GCC_WARN_UNDECLARED_SELECTOR = YES;
				GCC_WARN_UNINITIALIZED_AUTOS = YES_AGGRESSIVE;
				GCC_WARN_UNUSED_FUNCTION = YES;
				GCC_WARN_UNUSED_VARIABLE = YES;
				IPHONEOS_DEPLOYMENT_TARGET = 16.4;
				MTL_ENABLE_DEBUG_INFO = INCLUDE_SOURCE;
				MTL_FAST_MATH = YES;
				ONLY_ACTIVE_ARCH = YES;
				SDKROOT = iphoneos;
				SWIFT_ACTIVE_COMPILATION_CONDITIONS = DEBUG;
				SWIFT_OPTIMIZATION_LEVEL = "-Onone";
			};
			name = Debug;
		};
		0AF9050C2A96406900524BBF /* Release */ = {
			isa = XCBuildConfiguration;
			buildSettings = {
				ALWAYS_SEARCH_USER_PATHS = NO;
				CLANG_ANALYZER_NONNULL = YES;
				CLANG_ANALYZER_NUMBER_OBJECT_CONVERSION = YES_AGGRESSIVE;
				CLANG_CXX_LANGUAGE_STANDARD = "gnu++20";
				CLANG_ENABLE_MODULES = YES;
				CLANG_ENABLE_OBJC_ARC = YES;
				CLANG_ENABLE_OBJC_WEAK = YES;
				CLANG_WARN_BLOCK_CAPTURE_AUTORELEASING = YES;
				CLANG_WARN_BOOL_CONVERSION = YES;
				CLANG_WARN_COMMA = YES;
				CLANG_WARN_CONSTANT_CONVERSION = YES;
				CLANG_WARN_DEPRECATED_OBJC_IMPLEMENTATIONS = YES;
				CLANG_WARN_DIRECT_OBJC_ISA_USAGE = YES_ERROR;
				CLANG_WARN_DOCUMENTATION_COMMENTS = YES;
				CLANG_WARN_EMPTY_BODY = YES;
				CLANG_WARN_ENUM_CONVERSION = YES;
				CLANG_WARN_INFINITE_RECURSION = YES;
				CLANG_WARN_INT_CONVERSION = YES;
				CLANG_WARN_NON_LITERAL_NULL_CONVERSION = YES;
				CLANG_WARN_OBJC_IMPLICIT_RETAIN_SELF = YES;
				CLANG_WARN_OBJC_LITERAL_CONVERSION = YES;
				CLANG_WARN_OBJC_ROOT_CLASS = YES_ERROR;
				CLANG_WARN_QUOTED_INCLUDE_IN_FRAMEWORK_HEADER = YES;
				CLANG_WARN_RANGE_LOOP_ANALYSIS = YES;
				CLANG_WARN_STRICT_PROTOTYPES = YES;
				CLANG_WARN_SUSPICIOUS_MOVE = YES;
				CLANG_WARN_UNGUARDED_AVAILABILITY = YES_AGGRESSIVE;
				CLANG_WARN_UNREACHABLE_CODE = YES;
				CLANG_WARN__DUPLICATE_METHOD_MATCH = YES;
				COPY_PHASE_STRIP = NO;
				DEBUG_INFORMATION_FORMAT = "dwarf-with-dsym";
				ENABLE_NS_ASSERTIONS = NO;
				ENABLE_STRICT_OBJC_MSGSEND = YES;
				GCC_C_LANGUAGE_STANDARD = gnu11;
				GCC_NO_COMMON_BLOCKS = YES;
				GCC_WARN_64_TO_32_BIT_CONVERSION = YES;
				GCC_WARN_ABOUT_RETURN_TYPE = YES_ERROR;
				GCC_WARN_UNDECLARED_SELECTOR = YES;
				GCC_WARN_UNINITIALIZED_AUTOS = YES_AGGRESSIVE;
				GCC_WARN_UNUSED_FUNCTION = YES;
				GCC_WARN_UNUSED_VARIABLE = YES;
				IPHONEOS_DEPLOYMENT_TARGET = 16.4;
				MTL_ENABLE_DEBUG_INFO = NO;
				MTL_FAST_MATH = YES;
				SDKROOT = iphoneos;
				SWIFT_COMPILATION_MODE = wholemodule;
				SWIFT_OPTIMIZATION_LEVEL = "-O";
				VALIDATE_PRODUCT = YES;
			};
			name = Release;
		};
		0AF9050E2A96406900524BBF /* Debug */ = {
			isa = XCBuildConfiguration;
			buildSettings = {
				ASSETCATALOG_COMPILER_APPICON_NAME = AppIcon;
				ASSETCATALOG_COMPILER_GLOBAL_ACCENT_COLOR_NAME = AccentColor;
				CODE_SIGN_STYLE = Automatic;
				CURRENT_PROJECT_VERSION = 1;
				DEVELOPMENT_TEAM = 87GJA6959V;
				GENERATE_INFOPLIST_FILE = YES;
				INFOPLIST_FILE = TodoListPlus/Info.plist;
				INFOPLIST_KEY_UIApplicationSupportsIndirectInputEvents = YES;
				INFOPLIST_KEY_UILaunchStoryboardName = LaunchScreen;
				INFOPLIST_KEY_UIMainStoryboardFile = Main;
				INFOPLIST_KEY_UISupportedInterfaceOrientations_iPad = "UIInterfaceOrientationPortrait UIInterfaceOrientationPortraitUpsideDown UIInterfaceOrientationLandscapeLeft UIInterfaceOrientationLandscapeRight";
				INFOPLIST_KEY_UISupportedInterfaceOrientations_iPhone = "UIInterfaceOrientationPortrait UIInterfaceOrientationLandscapeLeft UIInterfaceOrientationLandscapeRight";
				IPHONEOS_DEPLOYMENT_TARGET = 14.0;
				LD_RUNPATH_SEARCH_PATHS = (
					"$(inherited)",
					"@executable_path/Frameworks",
				);
				MARKETING_VERSION = 1.0;
				PRODUCT_BUNDLE_IDENTIFIER = com.studyiOS.TodoListPlus;
				PRODUCT_NAME = "$(TARGET_NAME)";
				SWIFT_EMIT_LOC_STRINGS = YES;
				SWIFT_VERSION = 5.0;
				TARGETED_DEVICE_FAMILY = "1,2";
			};
			name = Debug;
		};
		0AF9050F2A96406900524BBF /* Release */ = {
			isa = XCBuildConfiguration;
			buildSettings = {
				ASSETCATALOG_COMPILER_APPICON_NAME = AppIcon;
				ASSETCATALOG_COMPILER_GLOBAL_ACCENT_COLOR_NAME = AccentColor;
				CODE_SIGN_STYLE = Automatic;
				CURRENT_PROJECT_VERSION = 1;
				DEVELOPMENT_TEAM = 87GJA6959V;
				GENERATE_INFOPLIST_FILE = YES;
				INFOPLIST_FILE = TodoListPlus/Info.plist;
				INFOPLIST_KEY_UIApplicationSupportsIndirectInputEvents = YES;
				INFOPLIST_KEY_UILaunchStoryboardName = LaunchScreen;
				INFOPLIST_KEY_UIMainStoryboardFile = Main;
				INFOPLIST_KEY_UISupportedInterfaceOrientations_iPad = "UIInterfaceOrientationPortrait UIInterfaceOrientationPortraitUpsideDown UIInterfaceOrientationLandscapeLeft UIInterfaceOrientationLandscapeRight";
				INFOPLIST_KEY_UISupportedInterfaceOrientations_iPhone = "UIInterfaceOrientationPortrait UIInterfaceOrientationLandscapeLeft UIInterfaceOrientationLandscapeRight";
				IPHONEOS_DEPLOYMENT_TARGET = 14.0;
				LD_RUNPATH_SEARCH_PATHS = (
					"$(inherited)",
					"@executable_path/Frameworks",
				);
				MARKETING_VERSION = 1.0;
				PRODUCT_BUNDLE_IDENTIFIER = com.studyiOS.TodoListPlus;
				PRODUCT_NAME = "$(TARGET_NAME)";
				SWIFT_EMIT_LOC_STRINGS = YES;
				SWIFT_VERSION = 5.0;
				TARGETED_DEVICE_FAMILY = "1,2";
			};
			name = Release;
		};
/* End XCBuildConfiguration section */

/* Begin XCConfigurationList section */
		0AF904F42A96406800524BBF /* Build configuration list for PBXProject "TodoListPlus" */ = {
			isa = XCConfigurationList;
			buildConfigurations = (
				0AF9050B2A96406900524BBF /* Debug */,
				0AF9050C2A96406900524BBF /* Release */,
			);
			defaultConfigurationIsVisible = 0;
			defaultConfigurationName = Release;
		};
		0AF9050D2A96406900524BBF /* Build configuration list for PBXNativeTarget "TodoListPlus" */ = {
			isa = XCConfigurationList;
			buildConfigurations = (
				0AF9050E2A96406900524BBF /* Debug */,
				0AF9050F2A96406900524BBF /* Release */,
			);
			defaultConfigurationIsVisible = 0;
			defaultConfigurationName = Release;
		};
/* End XCConfigurationList section */
	};
	rootObject = 0AF904F12A96406800524BBF /* Project object */;
}
